Microsoft Visual Studio Solution File, Format Version 12.00
# Visual Studio Version 17
VisualStudioVersion = 17.13.35806.99
MinimumVisualStudioVersion = 10.0.40219.1
Project("{FAE04EC0-301F-11D3-BF4B-00C04F79EFBC}") = "DbOperationWithEfCoreApp", "DbOperationWithEfCoreApp.csproj", "{EE5D7D6E-8BA1-42A7-8F31-F2E8B1B596AA}"
EndProject
Global
	GlobalSection(SolutionConfigurationPlatforms) = preSolution
		Debug|Any CPU = Debug|Any CPU
		Release|Any CPU = Release|Any CPU
	EndGlobalSection
	GlobalSection(ProjectConfigurationPlatforms) = postSolution
		{EE5D7D6E-8BA1-42A7-8F31-F2E8B1B596AA}.Debug|Any CPU.ActiveCfg = Debug|Any CPU
		{EE5D7D6E-8BA1-42A7-8F31-F2E8B1B596AA}.Debug|Any CPU.Build.0 = Debug|Any CPU
		{EE5D7D6E-8BA1-42A7-8F31-F2E8B1B596AA}.Release|Any CPU.ActiveCfg = Release|Any CPU
		{EE5D7D6E-8BA1-42A7-8F31-F2E8B1B596AA}.Release|Any CPU.Build.0 = Release|Any CPU
	EndGlobalSection
	GlobalSection(SolutionProperties) = preSolution
		HideSolutionNode = FALSE
	EndGlobalSection
	GlobalSection(ExtensibilityGlobals) = postSolution
		SolutionGuid = {1136C4A4-96A8-4C87-968F-68BB6E80CBF7}
	EndGlobalSection
EndGlobal
